
Microsoft Visual Studio Solution File, Format Version 12.00
# Visual Studio Version 17
VisualStudioVersion = 17.14.36121.58 d17.14
MinimumVisualStudioVersion = 10.0.40219.1
Project("{FAE04EC0-301F-11D3-BF4B-00C04F79EFBC}") = "CQRS_Architecture_BookManagementSystem_API_.NET_8", "CQRS_Architecture_BookManagementSystem_API_.NET_8\CQRS_Architecture_BookManagementSystem_API_.NET_8.csproj", "{A0FA2269-0152-49DC-871D-0B6A9EADF089}"
EndProject
Global
	GlobalSection(SolutionConfigurationPlatforms) = preSolution
		Debug|Any CPU = Debug|Any CPU
		Release|Any CPU = Release|Any CPU
	EndGlobalSection
	GlobalSection(ProjectConfigurationPlatforms) = postSolution
		{A0FA2269-0152-49DC-871D-0B6A9EADF089}.Debug|Any CPU.ActiveCfg = Debug|Any CPU
		{A0FA2269-0152-49DC-871D-0B6A9EADF089}.Debug|Any CPU.Build.0 = Debug|Any CPU
		{A0FA2269-0152-49DC-871D-0B6A9EADF089}.Release|Any CPU.ActiveCfg = Release|Any CPU
		{A0FA2269-0152-49DC-871D-0B6A9EADF089}.Release|Any CPU.Build.0 = Release|Any CPU
	EndGlobalSection
	GlobalSection(SolutionProperties) = preSolution
		HideSolutionNode = FALSE
	EndGlobalSection
	GlobalSection(ExtensibilityGlobals) = postSolution
		SolutionGuid = {DEE74095-2144-4545-A94D-2F1E2AADF7A6}
	EndGlobalSection
EndGlobal
